
Microsoft Visual Studio Solution File, Format Version 12.00
# Visual Studio 14
VisualStudioVersion = 14.0.25420.1
MinimumVisualStudioVersion = 10.0.40219.1
Project("{FAE04EC0-301F-11D3-BF4B-00C04F79EFBC}") = "EasySales.Infrastructure", "EasySales.Infrastructure\EasySales.Infrastructure.csproj", "{6B087F88-2458-4CF5-A8B2-EDDFF7690F80}"
EndProject
Project("{FAE04EC0-301F-11D3-BF4B-00C04F79EFBC}") = "EasySales.Infrastructure.Repositories", "EasySales.Infrastructure.Repositories\EasySales.Infrastructure.Repositories.csproj", "{06CF254A-96DA-4B5C-B04E-D7E7041C5DF3}"
EndProject
Project("{FAE04EC0-301F-11D3-BF4B-00C04F79EFBC}") = "EasySales.Presentation.WPF", "EasySales.Presentation.WPF\EasySales.Presentation.WPF.csproj", "{9AC93E23-A597-4D1E-A6F2-A273C3275EA9}"
EndProject
Project("{FAE04EC0-301F-11D3-BF4B-00C04F79EFBC}") = "EasySales.Model", "EasySales.Model\EasySales.Model.csproj", "{86F76F76-4826-4763-BC82-CBFFD1E72576}"
EndProject
Project("{FAE04EC0-301F-11D3-BF4B-00C04F79EFBC}") = "EasySales.Infrastructure.UI", "EasySales.Infrastructure.UI\EasySales.Infrastructure.UI.csproj", "{8B634FA0-33FA-454F-8C26-A27D9AC4B3A8}"
EndProject
Project("{FAE04EC0-301F-11D3-BF4B-00C04F79EFBC}") = "EasySales.UnitTests", "EasySales.UnitTests\EasySales.UnitTests.csproj", "{A5D19E88-527A-4F47-9253-BD83B2D344C1}"
EndProject
Project("{FAE04EC0-301F-11D3-BF4B-00C04F79EFBC}") = "EasySales.Configurator", "EasySales.Configurator\EasySales.Configurator.csproj", "{F97D94A2-12DC-4856-BC98-4F6746CBB5A3}"
EndProject
Global
	GlobalSection(SolutionConfigurationPlatforms) = preSolution
		Debug|Any CPU = Debug|Any CPU
		Debug|ARM = Debug|ARM
		Debug|x64 = Debug|x64
		Debug|x86 = Debug|x86
		Release|Any CPU = Release|Any CPU
		Release|ARM = Release|ARM
		Release|x64 = Release|x64
		Release|x86 = Release|x86
	EndGlobalSection
	GlobalSection(ProjectConfigurationPlatforms) = postSolution
		{6B087F88-2458-4CF5-A8B2-EDDFF7690F80}.Debug|Any CPU.ActiveCfg = Debug|Any CPU
		{6B087F88-2458-4CF5-A8B2-EDDFF7690F80}.Debug|Any CPU.Build.0 = Debug|Any CPU
		{6B087F88-2458-4CF5-A8B2-EDDFF7690F80}.Debug|ARM.ActiveCfg = Debug|Any CPU
		{6B087F88-2458-4CF5-A8B2-EDDFF7690F80}.Debug|ARM.Build.0 = Debug|Any CPU
		{6B087F88-2458-4CF5-A8B2-EDDFF7690F80}.Debug|x64.ActiveCfg = Debug|Any CPU
		{6B087F88-2458-4CF5-A8B2-EDDFF7690F80}.Debug|x64.Build.0 = Debug|Any CPU
		{6B087F88-2458-4CF5-A8B2-EDDFF7690F80}.Debug|x86.ActiveCfg = Debug|Any CPU
		{6B087F88-2458-4CF5-A8B2-EDDFF7690F80}.Debug|x86.Build.0 = Debug|Any CPU
		{6B087F88-2458-4CF5-A8B2-EDDFF7690F80}.Release|Any CPU.ActiveCfg = Release|Any CPU
		{6B087F88-2458-4CF5-A8B2-EDDFF7690F80}.Release|Any CPU.Build.0 = Release|Any CPU
		{6B087F88-2458-4CF5-A8B2-EDDFF7690F80}.Release|ARM.ActiveCfg = Release|Any CPU
		{6B087F88-2458-4CF5-A8B2-EDDFF7690F80}.Release|ARM.Build.0 = Release|Any CPU
		{6B087F88-2458-4CF5-A8B2-EDDFF7690F80}.Release|x64.ActiveCfg = Release|Any CPU
		{6B087F88-2458-4CF5-A8B2-EDDFF7690F80}.Release|x64.Build.0 = Release|Any CPU
		{6B087F88-2458-4CF5-A8B2-EDDFF7690F80}.Release|x86.ActiveCfg = Release|Any CPU
		{6B087F88-2458-4CF5-A8B2-EDDFF7690F80}.Release|x86.Build.0 = Release|Any CPU
		{06CF254A-96DA-4B5C-B04E-D7E7041C5DF3}.Debug|Any CPU.ActiveCfg = Debug|Any CPU
		{06CF254A-96DA-4B5C-B04E-D7E7041C5DF3}.Debug|Any CPU.Build.0 = Debug|Any CPU
		{06CF254A-96DA-4B5C-B04E-D7E7041C5DF3}.Debug|ARM.ActiveCfg = Debug|Any CPU
		{06CF254A-96DA-4B5C-B04E-D7E7041C5DF3}.Debug|ARM.Build.0 = Debug|Any CPU
		{06CF254A-96DA-4B5C-B04E-D7E7041C5DF3}.Debug|x64.ActiveCfg = Debug|Any CPU
		{06CF254A-96DA-4B5C-B04E-D7E7041C5DF3}.Debug|x64.Build.0 = Debug|Any CPU
		{06CF254A-96DA-4B5C-B04E-D7E7041C5DF3}.Debug|x86.ActiveCfg = Debug|Any CPU
		{06CF254A-96DA-4B5C-B04E-D7E7041C5DF3}.Debug|x86.Build.0 = Debug|Any CPU
		{06CF254A-96DA-4B5C-B04E-D7E7041C5DF3}.Release|Any CPU.ActiveCfg = Release|Any CPU
		{06CF254A-96DA-4B5C-B04E-D7E7041C5DF3}.Release|Any CPU.Build.0 = Release|Any CPU
		{06CF254A-96DA-4B5C-B04E-D7E7041C5DF3}.Release|ARM.ActiveCfg = Release|Any CPU
		{06CF254A-96DA-4B5C-B04E-D7E7041C5DF3}.Release|ARM.Build.0 = Release|Any CPU
		{06CF254A-96DA-4B5C-B04E-D7E7041C5DF3}.Release|x64.ActiveCfg = Release|Any CPU
		{06CF254A-96DA-4B5C-B04E-D7E7041C5DF3}.Release|x64.Build.0 = Release|Any CPU
		{06CF254A-96DA-4B5C-B04E-D7E7041C5DF3}.Release|x86.ActiveCfg = Release|Any CPU
		{06CF254A-96DA-4B5C-B04E-D7E7041C5DF3}.Release|x86.Build.0 = Release|Any CPU
		{9AC93E23-A597-4D1E-A6F2-A273C3275EA9}.Debug|Any CPU.ActiveCfg = Debug|Any CPU
		{9AC93E23-A597-4D1E-A6F2-A273C3275EA9}.Debug|Any CPU.Build.0 = Debug|Any CPU
		{9AC93E23-A597-4D1E-A6F2-A273C3275EA9}.Debug|ARM.ActiveCfg = Debug|Any CPU
		{9AC93E23-A597-4D1E-A6F2-A273C3275EA9}.Debug|ARM.Build.0 = Debug|Any CPU
		{9AC93E23-A597-4D1E-A6F2-A273C3275EA9}.Debug|x64.ActiveCfg = Debug|Any CPU
		{9AC93E23-A597-4D1E-A6F2-A273C3275EA9}.Debug|x64.Build.0 = Debug|Any CPU
		{9AC93E23-A597-4D1E-A6F2-A273C3275EA9}.Debug|x86.ActiveCfg = Debug|Any CPU
		{9AC93E23-A597-4D1E-A6F2-A273C3275EA9}.Debug|x86.Build.0 = Debug|Any CPU
		{9AC93E23-A597-4D1E-A6F2-A273C3275EA9}.Release|Any CPU.ActiveCfg = Release|Any CPU
		{9AC93E23-A597-4D1E-A6F2-A273C3275EA9}.Release|Any CPU.Build.0 = Release|Any CPU
		{9AC93E23-A597-4D1E-A6F2-A273C3275EA9}.Release|ARM.ActiveCfg = Release|Any CPU
		{9AC93E23-A597-4D1E-A6F2-A273C3275EA9}.Release|ARM.Build.0 = Release|Any CPU
		{9AC93E23-A597-4D1E-A6F2-A273C3275EA9}.Release|x64.ActiveCfg = Release|Any CPU
		{9AC93E23-A597-4D1E-A6F2-A273C3275EA9}.Release|x64.Build.0 = Release|Any CPU
		{9AC93E23-A597-4D1E-A6F2-A273C3275EA9}.Release|x86.ActiveCfg = Release|Any CPU
		{9AC93E23-A597-4D1E-A6F2-A273C3275EA9}.Release|x86.Build.0 = Release|Any CPU
		{86F76F76-4826-4763-BC82-CBFFD1E72576}.Debug|Any CPU.ActiveCfg = Debug|Any CPU
		{86F76F76-4826-4763-BC82-CBFFD1E72576}.Debug|Any CPU.Build.0 = Debug|Any CPU
		{86F76F76-4826-4763-BC82-CBFFD1E72576}.Debug|ARM.ActiveCfg = Debug|Any CPU
		{86F76F76-4826-4763-BC82-CBFFD1E72576}.Debug|ARM.Build.0 = Debug|Any CPU
		{86F76F76-4826-4763-BC82-CBFFD1E72576}.Debug|x64.ActiveCfg = Debug|Any CPU
		{86F76F76-4826-4763-BC82-CBFFD1E72576}.Debug|x64.Build.0 = Debug|Any CPU
		{86F76F76-4826-4763-BC82-CBFFD1E72576}.Debug|x86.ActiveCfg = Debug|Any CPU
		{86F76F76-4826-4763-BC82-CBFFD1E72576}.Debug|x86.Build.0 = Debug|Any CPU
		{86F76F76-4826-4763-BC82-CBFFD1E72576}.Release|Any CPU.ActiveCfg = Release|Any CPU
		{86F76F76-4826-4763-BC82-CBFFD1E72576}.Release|Any CPU.Build.0 = Release|Any CPU
		{86F76F76-4826-4763-BC82-CBFFD1E72576}.Release|ARM.ActiveCfg = Release|Any CPU
		{86F76F76-4826-4763-BC82-CBFFD1E72576}.Release|ARM.Build.0 = Release|Any CPU
		{86F76F76-4826-4763-BC82-CBFFD1E72576}.Release|x64.ActiveCfg = Release|Any CPU
		{86F76F76-4826-4763-BC82-CBFFD1E72576}.Release|x64.Build.0 = Release|Any CPU
		{86F76F76-4826-4763-BC82-CBFFD1E72576}.Release|x86.ActiveCfg = Release|Any CPU
		{86F76F76-4826-4763-BC82-CBFFD1E72576}.Release|x86.Build.0 = Release|Any CPU
		{8B634FA0-33FA-454F-8C26-A27D9AC4B3A8}.Debug|Any CPU.ActiveCfg = Debug|Any CPU
		{8B634FA0-33FA-454F-8C26-A27D9AC4B3A8}.Debug|Any CPU.Build.0 = Debug|Any CPU
		{8B634FA0-33FA-454F-8C26-A27D9AC4B3A8}.Debug|ARM.ActiveCfg = Debug|Any CPU
		{8B634FA0-33FA-454F-8C26-A27D9AC4B3A8}.Debug|ARM.Build.0 = Debug|Any CPU
		{8B634FA0-33FA-454F-8C26-A27D9AC4B3A8}.Debug|x64.ActiveCfg = Debug|Any CPU
		{8B634FA0-33FA-454F-8C26-A27D9AC4B3A8}.Debug|x64.Build.0 = Debug|Any CPU
		{8B634FA0-33FA-454F-8C26-A27D9AC4B3A8}.Debug|x86.ActiveCfg = Debug|Any CPU
		{8B634FA0-33FA-454F-8C26-A27D9AC4B3A8}.Debug|x86.Build.0 = Debug|Any CPU
		{8B634FA0-33FA-454F-8C26-A27D9AC4B3A8}.Release|Any CPU.ActiveCfg = Release|Any CPU
		{8B634FA0-33FA-454F-8C26-A27D9AC4B3A8}.Release|Any CPU.Build.0 = Release|Any CPU
		{8B634FA0-33FA-454F-8C26-A27D9AC4B3A8}.Release|ARM.ActiveCfg = Release|Any CPU
		{8B634FA0-33FA-454F-8C26-A27D9AC4B3A8}.Release|ARM.Build.0 = Release|Any CPU
		{8B634FA0-33FA-454F-8C26-A27D9AC4B3A8}.Release|x64.ActiveCfg = Release|Any CPU
		{8B634FA0-33FA-454F-8C26-A27D9AC4B3A8}.Release|x64.Build.0 = Release|Any CPU
		{8B634FA0-33FA-454F-8C26-A27D9AC4B3A8}.Release|x86.ActiveCfg = Release|Any CPU
		{8B634FA0-33FA-454F-8C26-A27D9AC4B3A8}.Release|x86.Build.0 = Release|Any CPU
		{A5D19E88-527A-4F47-9253-BD83B2D344C1}.Debug|Any CPU.ActiveCfg = Debug|Any CPU
		{A5D19E88-527A-4F47-9253-BD83B2D344C1}.Debug|Any CPU.Build.0 = Debug|Any CPU
		{A5D19E88-527A-4F47-9253-BD83B2D344C1}.Debug|ARM.ActiveCfg = Debug|Any CPU
		{A5D19E88-527A-4F47-9253-BD83B2D344C1}.Debug|x64.ActiveCfg = Debug|Any CPU
		{A5D19E88-527A-4F47-9253-BD83B2D344C1}.Debug|x86.ActiveCfg = Debug|Any CPU
		{A5D19E88-527A-4F47-9253-BD83B2D344C1}.Release|Any CPU.ActiveCfg = Release|Any CPU
		{A5D19E88-527A-4F47-9253-BD83B2D344C1}.Release|Any CPU.Build.0 = Release|Any CPU
		{A5D19E88-527A-4F47-9253-BD83B2D344C1}.Release|ARM.ActiveCfg = Release|Any CPU
		{A5D19E88-527A-4F47-9253-BD83B2D344C1}.Release|x64.ActiveCfg = Release|Any CPU
		{A5D19E88-527A-4F47-9253-BD83B2D344C1}.Release|x86.ActiveCfg = Release|Any CPU
		{F97D94A2-12DC-4856-BC98-4F6746CBB5A3}.Debug|Any CPU.ActiveCfg = Debug|Any CPU
		{F97D94A2-12DC-4856-BC98-4F6746CBB5A3}.Debug|Any CPU.Build.0 = Debug|Any CPU
		{F97D94A2-12DC-4856-BC98-4F6746CBB5A3}.Debug|ARM.ActiveCfg = Debug|Any CPU
		{F97D94A2-12DC-4856-BC98-4F6746CBB5A3}.Debug|ARM.Build.0 = Debug|Any CPU
		{F97D94A2-12DC-4856-BC98-4F6746CBB5A3}.Debug|x64.ActiveCfg = Debug|Any CPU
		{F97D94A2-12DC-4856-BC98-4F6746CBB5A3}.Debug|x64.Build.0 = Debug|Any CPU
		{F97D94A2-12DC-4856-BC98-4F6746CBB5A3}.Debug|x86.ActiveCfg = Debug|Any CPU
		{F97D94A2-12DC-4856-BC98-4F6746CBB5A3}.Debug|x86.Build.0 = Debug|Any CPU
		{F97D94A2-12DC-4856-BC98-4F6746CBB5A3}.Release|Any CPU.ActiveCfg = Release|Any CPU
		{F97D94A2-12DC-4856-BC98-4F6746CBB5A3}.Release|Any CPU.Build.0 = Release|Any CPU
		{F97D94A2-12DC-4856-BC98-4F6746CBB5A3}.Release|ARM.ActiveCfg = Release|Any CPU
		{F97D94A2-12DC-4856-BC98-4F6746CBB5A3}.Release|ARM.Build.0 = Release|Any CPU
		{F97D94A2-12DC-4856-BC98-4F6746CBB5A3}.Release|x64.ActiveCfg = Release|Any CPU
		{F97D94A2-12DC-4856-BC98-4F6746CBB5A3}.Release|x64.Build.0 = Release|Any CPU
		{F97D94A2-12DC-4856-BC98-4F6746CBB5A3}.Release|x86.ActiveCfg = Release|Any CPU
		{F97D94A2-12DC-4856-BC98-4F6746CBB5A3}.Release|x86.Build.0 = Release|Any CPU
	EndGlobalSection
	GlobalSection(SolutionProperties) = preSolution
		HideSolutionNode = FALSE
	EndGlobalSection
EndGlobal
